PODS:
  - GoogleMaps (7.0.0):
    - GoogleMaps/Maps (= 7.0.0)
  - GoogleMaps/Base (7.0.0)
  - GoogleMaps/Maps (7.0.0):
    - GoogleMaps/Base

DEPENDENCIES:
  - GoogleMaps

SPEC REPOS:
  trunk:
    - GoogleMaps

SPEC CHECKSUMS:
  GoogleMaps: 6e9c923ca035989709fcb5771544fda4cc5fa2a4

PODFILE CHECKSUM: 1b91a26169a4ec0f5d54c055e71a8d8e7dec2cf5

COCOAPODS: 1.11.3
