// !$*UTF8*$!
{
	archiveVersion = 1;
	classes = {
	};
	objectVersion = 55;
	objects = {

/* Begin PBXBuildFile section */
		B016123B28B7B46F0065E2C7 /* CompleteCourse.swift in Sources */ = {isa = PBXBuildFile; fileRef = B016123A28B7B46F0065E2C7 /* CompleteCourse.swift */; };
		B016123D28B7B4930065E2C7 /* CompleteCourseAPI.swift in Sources */ = {isa = PBXBuildFile; fileRef = B016123C28B7B4930065E2C7 /* CompleteCourseAPI.swift */; };
		B016123F28B7B49D0065E2C7 /* CompleteCourseService.swift in Sources */ = {isa = PBXBuildFile; fileRef = B016123E28B7B49D0065E2C7 /* CompleteCourseService.swift */; };
		B02D661728B20ECD00066095 /* Int+withCommas.swift in Sources */ = {isa = PBXBuildFile; fileRef = B02D661628B20ECD00066095 /* Int+withCommas.swift */; };
		B02D661928B211D800066095 /* MyRecordCell.swift in Sources */ = {isa = PBXBuildFile; fileRef = B02D661828B211D800066095 /* MyRecordCell.swift */; };
		B032AB3F288BF643002C5988 /* MyRecordViewController.swift in Sources */ = {isa = PBXBuildFile; fileRef = B032AB3E288BF643002C5988 /* MyRecordViewController.swift */; };
		B05BE42028B750A400F54CAC /* HomeViewModel.swift in Sources */ = {isa = PBXBuildFile; fileRef = B05BE41F28B750A400F54CAC /* HomeViewModel.swift */; };
		B05BE42228B750F200F54CAC /* HomeUser.swift in Sources */ = {isa = PBXBuildFile; fileRef = B05BE42128B750F200F54CAC /* HomeUser.swift */; };
		B05BE42428B7518700F54CAC /* HomeUseCase.swift in Sources */ = {isa = PBXBuildFile; fileRef = B05BE42328B7518700F54CAC /* HomeUseCase.swift */; };
		B05BE42628B751D200F54CAC /* HomeRepository.swift in Sources */ = {isa = PBXBuildFile; fileRef = B05BE42528B751D200F54CAC /* HomeRepository.swift */; };
		B05BE42828B751F200F54CAC /* DefaultHomeRepository.swift in Sources */ = {isa = PBXBuildFile; fileRef = B05BE42728B751F200F54CAC /* DefaultHomeRepository.swift */; };
		B05BE42B28B7522A00F54CAC /* HomeAPI.swift in Sources */ = {isa = PBXBuildFile; fileRef = B05BE42A28B7522A00F54CAC /* HomeAPI.swift */; };
		B05BE42D28B7523300F54CAC /* HomeService.swift in Sources */ = {isa = PBXBuildFile; fileRef = B05BE42C28B7523300F54CAC /* HomeService.swift */; };
		B05BE42F28B7621900F54CAC /* MyRecordViewModel.swift in Sources */ = {isa = PBXBuildFile; fileRef = B05BE42E28B7621900F54CAC /* MyRecordViewModel.swift */; };
		B05BE43128B7622800F54CAC /* MyRecordUseCase.swift in Sources */ = {isa = PBXBuildFile; fileRef = B05BE43028B7622800F54CAC /* MyRecordUseCase.swift */; };
		B05BE43328B7623600F54CAC /* MyRecordRepository.swift in Sources */ = {isa = PBXBuildFile; fileRef = B05BE43228B7623600F54CAC /* MyRecordRepository.swift */; };
		B05BE43528B7624000F54CAC /* MyRecord.swift in Sources */ = {isa = PBXBuildFile; fileRef = B05BE43428B7624000F54CAC /* MyRecord.swift */; };
		B05BE43828B7639E00F54CAC /* DefaultMyRecordRepository.swift in Sources */ = {isa = PBXBuildFile; fileRef = B05BE43728B7639E00F54CAC /* DefaultMyRecordRepository.swift */; };
		B05BE43B28B7663000F54CAC /* MyRecordAPI.swift in Sources */ = {isa = PBXBuildFile; fileRef = B05BE43A28B7663000F54CAC /* MyRecordAPI.swift */; };
		B05BE43D28B7663800F54CAC /* MyRecordService.swift in Sources */ = {isa = PBXBuildFile; fileRef = B05BE43C28B7663800F54CAC /* MyRecordService.swift */; };
		B0BD540B289E5B7D005384DF /* HealthStore.swift in Sources */ = {isa = PBXBuildFile; fileRef = B0BD540A289E5B7D005384DF /* HealthStore.swift */; };
		B0C47BEB289D70350098D6C0 /* UILabel+changeTextBold.swift in Sources */ = {isa = PBXBuildFile; fileRef = B0C47BEA289D70350098D6C0 /* UILabel+changeTextBold.swift */; };
		B0C56654289522CA004EF4B6 /* HealthKit.framework in Frameworks */ = {isa = PBXBuildFile; fileRef = B0C56653289522CA004EF4B6 /* HealthKit.framework */; };
		B0C71F45287D64820098BB87 /* EarthViewController.swift in Sources */ = {isa = PBXBuildFile; fileRef = B0C71F44287D64820098BB87 /* EarthViewController.swift */; };
		B0C71F4E287DACDA0098BB87 /* HomeViewController.swift in Sources */ = {isa = PBXBuildFile; fileRef = B0C71F4D287DACDA0098BB87 /* HomeViewController.swift */; };
		B0ECB28928B61BB700ABA64B /* String+dateFormat.swift in Sources */ = {isa = PBXBuildFile; fileRef = B0ECB28828B61BB700ABA64B /* String+dateFormat.swift */; };
		B0ECB28B28B6782500ABA64B /* Double+mileToKilometer.swift in Sources */ = {isa = PBXBuildFile; fileRef = B0ECB28A28B6782500ABA64B /* Double+mileToKilometer.swift */; };
		B0F35E2A28B4A1B4007962AB /* CourseUseCase.swift in Sources */ = {isa = PBXBuildFile; fileRef = B0F35E2928B4A1B4007962AB /* CourseUseCase.swift */; };
		B0F35E2C28B4A2BD007962AB /* CourseRepository.swift in Sources */ = {isa = PBXBuildFile; fileRef = B0F35E2B28B4A2BD007962AB /* CourseRepository.swift */; };
		B0F35E2E28B4A2E8007962AB /* CurrentCourse.swift in Sources */ = {isa = PBXBuildFile; fileRef = B0F35E2D28B4A2E8007962AB /* CurrentCourse.swift */; };
		B0F35E3028B4A457007962AB /* CurrentCourseRepository.swift in Sources */ = {isa = PBXBuildFile; fileRef = B0F35E2F28B4A457007962AB /* CurrentCourseRepository.swift */; };
		B0F35E3328B4A641007962AB /* CurrentCourseAPI.swift in Sources */ = {isa = PBXBuildFile; fileRef = B0F35E3228B4A641007962AB /* CurrentCourseAPI.swift */; };
		B0F35E3528B4A64B007962AB /* CurrentCourseService.swift in Sources */ = {isa = PBXBuildFile; fileRef = B0F35E3428B4A64B007962AB /* CurrentCourseService.swift */; };
		B0F35E3A28B4B886007962AB /* EarthViewModel.swift in Sources */ = {isa = PBXBuildFile; fileRef = B0F35E3928B4B886007962AB /* EarthViewModel.swift */; };
		D3FE608DE500AB3604AAECD9 /* Pods_Earth1round_iOS.framework in Frameworks */ = {isa = PBXBuildFile; fileRef = 64E384E6BCF881F15F1AE5FB /* Pods_Earth1round_iOS.framework */; };
		FC415496287B297400300A9E /* AppDelegate.swift in Sources */ = {isa = PBXBuildFile; fileRef = FC415495287B297400300A9E /* AppDelegate.swift */; };
		FC415498287B297400300A9E /* SceneDelegate.swift in Sources */ = {isa = PBXBuildFile; fileRef = FC415497287B297400300A9E /* SceneDelegate.swift */; };
		FC41549D287B297400300A9E /* Main.storyboard in Resources */ = {isa = PBXBuildFile; fileRef = FC41549B287B297400300A9E /* Main.storyboard */; };
		FC41549F287B297600300A9E /* Assets.xcassets in Resources */ = {isa = PBXBuildFile; fileRef = FC41549E287B297600300A9E /* Assets.xcassets */; };
		FC4154A2287B297600300A9E /* LaunchScreen.storyboard in Resources */ = {isa = PBXBuildFile; fileRef = FC4154A0287B297600300A9E /* LaunchScreen.storyboard */; };
		FC4154BE287B2A4500300A9E /* .swiftlint.yml in Resources */ = {isa = PBXBuildFile; fileRef = FC4154BD287B2A4500300A9E /* .swiftlint.yml */; };
		FC4154C1287B2AA600300A9E /* Moya in Frameworks */ = {isa = PBXBuildFile; productRef = FC4154C0287B2AA600300A9E /* Moya */; };
		FC4154C4287B2AB600300A9E /* SnapKit in Frameworks */ = {isa = PBXBuildFile; productRef = FC4154C3287B2AB600300A9E /* SnapKit */; };
		FC4154C7287B2AC300300A9E /* Then in Frameworks */ = {isa = PBXBuildFile; productRef = FC4154C6287B2AC300300A9E /* Then */; };
		FC415503288171630030836E /* Size.swift in Sources */ = {isa = PBXBuildFile; fileRef = FC415502288171630030836E /* Size.swift */; };
		FC4155082881717E0030836E /* NSObject+ClassName.swift in Sources */ = {isa = PBXBuildFile; fileRef = FC4155042881717E0030836E /* NSObject+ClassName.swift */; };
		FC4155092881717E0030836E /* UINavigationController+Extensions.swift in Sources */ = {isa = PBXBuildFile; fileRef = FC4155052881717E0030836E /* UINavigationController+Extensions.swift */; };
		FC41550A2881717E0030836E /* UICollectionView+Generic.swift in Sources */ = {isa = PBXBuildFile; fileRef = FC4155062881717E0030836E /* UICollectionView+Generic.swift */; };
		FC41550B2881717E0030836E /* UIVIew+addSubViews.swift in Sources */ = {isa = PBXBuildFile; fileRef = FC4155072881717E0030836E /* UIVIew+addSubViews.swift */; };
		FC41550F288171980030836E /* CharacterSelectionViewController.swift in Sources */ = {isa = PBXBuildFile; fileRef = FC41550C288171980030836E /* CharacterSelectionViewController.swift */; };
		FC415510288171980030836E /* CourseViewController.swift in Sources */ = {isa = PBXBuildFile; fileRef = FC41550D288171980030836E /* CourseViewController.swift */; };
		FC415511288171980030836E /* CalendarViewController.swift in Sources */ = {isa = PBXBuildFile; fileRef = FC41550E288171980030836E /* CalendarViewController.swift */; };
		FC415513288171AA0030836E /* CharacterCollectionViewCell.swift in Sources */ = {isa = PBXBuildFile; fileRef = FC415512288171AA0030836E /* CharacterCollectionViewCell.swift */; };
		FC4155152883D17E0030836E /* UINavigationItem+Extensions.swift in Sources */ = {isa = PBXBuildFile; fileRef = FC4155142883D17D0030836E /* UINavigationItem+Extensions.swift */; };
		FC6EB1C32897D9EF007946F9 /* TermsViewController.swift in Sources */ = {isa = PBXBuildFile; fileRef = FC6EB1C22897D9EF007946F9 /* TermsViewController.swift */; };
		FC6EB1C52897DA08007946F9 /* NicknameViewController.swift in Sources */ = {isa = PBXBuildFile; fileRef = FC6EB1C42897DA08007946F9 /* NicknameViewController.swift */; };
		FC6EB1C72897DA28007946F9 /* PopUpViewController.swift in Sources */ = {isa = PBXBuildFile; fileRef = FC6EB1C62897DA28007946F9 /* PopUpViewController.swift */; };
		FC6EB1CC28982F1D007946F9 /* UITextField+addLeftPadding.swift in Sources */ = {isa = PBXBuildFile; fileRef = FC6EB1CB28982F1D007946F9 /* UITextField+addLeftPadding.swift */; };
		FC6EB1CE28983002007946F9 /* TermsTableViewCell.swift in Sources */ = {isa = PBXBuildFile; fileRef = FC6EB1CD28983002007946F9 /* TermsTableViewCell.swift */; };
		FC6EB1DE289834B1007946F9 /* TermsLiterals.swift in Sources */ = {isa = PBXBuildFile; fileRef = FC6EB1DD289834B1007946F9 /* TermsLiterals.swift */; };
		FC6EB1E028983F26007946F9 /* UITableView+Generic.swift in Sources */ = {isa = PBXBuildFile; fileRef = FC6EB1DF28983F26007946F9 /* UITableView+Generic.swift */; };
		FC6EB1E428991E47007946F9 /* SettingTableViewCell.swift in Sources */ = {isa = PBXBuildFile; fileRef = FC6EB1E328991E47007946F9 /* SettingTableViewCell.swift */; };
		FC72672E2885692100BBE712 /* RxCocoa in Frameworks */ = {isa = PBXBuildFile; productRef = FC72672D2885692100BBE712 /* RxCocoa */; };
		FC7267302885692100BBE712 /* RxSwift in Frameworks */ = {isa = PBXBuildFile; productRef = FC72672F2885692100BBE712 /* RxSwift */; };
		FC85F63528AD16E4004D2184 /* DefaultPlaceRepository.swift in Sources */ = {isa = PBXBuildFile; fileRef = FC85F63428AD16E4004D2184 /* DefaultPlaceRepository.swift */; };
		FC85F64028AD16EF004D2184 /* BaseTargetType.swift in Sources */ = {isa = PBXBuildFile; fileRef = FC85F63728AD16EF004D2184 /* BaseTargetType.swift */; };
		FC85F64128AD16EF004D2184 /* MultiMoyaProvider.swift in Sources */ = {isa = PBXBuildFile; fileRef = FC85F63828AD16EF004D2184 /* MultiMoyaProvider.swift */; };
		FC85F64228AD16EF004D2184 /* Config.swift in Sources */ = {isa = PBXBuildFile; fileRef = FC85F63928AD16EF004D2184 /* Config.swift */; };
		FC85F64328AD16EF004D2184 /* KeyChainService.swift in Sources */ = {isa = PBXBuildFile; fileRef = FC85F63A28AD16EF004D2184 /* KeyChainService.swift */; };
		FC85F64428AD16EF004D2184 /* MoyaLoggingPlugin.swift in Sources */ = {isa = PBXBuildFile; fileRef = FC85F63B28AD16EF004D2184 /* MoyaLoggingPlugin.swift */; };
		FC85F64528AD16EF004D2184 /* HTTPMethodURL.swift in Sources */ = {isa = PBXBuildFile; fileRef = FC85F63C28AD16EF004D2184 /* HTTPMethodURL.swift */; };
		FC85F64628AD16EF004D2184 /* PlaceAPI.swift in Sources */ = {isa = PBXBuildFile; fileRef = FC85F63E28AD16EF004D2184 /* PlaceAPI.swift */; };
		FC85F64728AD16EF004D2184 /* PlaceService.swift in Sources */ = {isa = PBXBuildFile; fileRef = FC85F63F28AD16EF004D2184 /* PlaceService.swift */; };
		FC85F64F28AD1721004D2184 /* GenericResponse.swift in Sources */ = {isa = PBXBuildFile; fileRef = FC85F64D28AD1721004D2184 /* GenericResponse.swift */; };
		FC85F65028AD1721004D2184 /* CourseRequestModel.swift in Sources */ = {isa = PBXBuildFile; fileRef = FC85F64E28AD1721004D2184 /* CourseRequestModel.swift */; };
		FC85F65228AD1738004D2184 /* PlaceUseCase.swift in Sources */ = {isa = PBXBuildFile; fileRef = FC85F65128AD1738004D2184 /* PlaceUseCase.swift */; };
		FC85F65428AD173D004D2184 /* PlaceRepository.swift in Sources */ = {isa = PBXBuildFile; fileRef = FC85F65328AD173C004D2184 /* PlaceRepository.swift */; };
		FC85F65928AD17E9004D2184 /* Place.swift in Sources */ = {isa = PBXBuildFile; fileRef = FC85F65828AD17E9004D2184 /* Place.swift */; };
		FC868991289E6BF100CEE14C /* ERBottomSheet.swift in Sources */ = {isa = PBXBuildFile; fileRef = FC868990289E6BF100CEE14C /* ERBottomSheet.swift */; };
		FC868993289E6C6200CEE14C /* UIView+makeRounded.swift in Sources */ = {isa = PBXBuildFile; fileRef = FC868992289E6C6200CEE14C /* UIView+makeRounded.swift */; };
		FC9A4D2028A4FBEB00C41DEC /* NotoSansKR-Bold.otf in Resources */ = {isa = PBXBuildFile; fileRef = FC9A4D1F28A4FBEB00C41DEC /* NotoSansKR-Bold.otf */; };
		FC9A4D2228A4FBF400C41DEC /* NotoSansKR-Regular.otf in Resources */ = {isa = PBXBuildFile; fileRef = FC9A4D2128A4FBF400C41DEC /* NotoSansKR-Regular.otf */; };
		FC9A4D2628A4FE1B00C41DEC /* Colors.xcassets in Resources */ = {isa = PBXBuildFile; fileRef = FC9A4D2528A4FE1B00C41DEC /* Colors.xcassets */; };
		FC9A4D2828A4FE4500C41DEC /* Images.xcassets in Resources */ = {isa = PBXBuildFile; fileRef = FC9A4D2728A4FE4500C41DEC /* Images.xcassets */; };
		FC9A4D2A28A5007C00C41DEC /* Fonts.swift in Sources */ = {isa = PBXBuildFile; fileRef = FC9A4D2928A5007C00C41DEC /* Fonts.swift */; };
		FC9A4D2D28A507E000C41DEC /* swiftgen.yml in Resources */ = {isa = PBXBuildFile; fileRef = FC9A4D2C28A507E000C41DEC /* swiftgen.yml */; };
		FC9A4D2F28A507EB00C41DEC /* Assets+Generated.swift in Sources */ = {isa = PBXBuildFile; fileRef = FC9A4D2E28A507EB00C41DEC /* Assets+Generated.swift */; };
		FCC2B39C2885676400924872 /* BaseViewController.swift in Sources */ = {isa = PBXBuildFile; fileRef = FCC2B39B2885676400924872 /* BaseViewController.swift */; };
		FCE0ED41288F07EE00495CD9 /* SettingViewController.swift in Sources */ = {isa = PBXBuildFile; fileRef = FCE0ED40288F07EE00495CD9 /* SettingViewController.swift */; };
		FCE0ED44288F082F00495CD9 /* LoginViewController.swift in Sources */ = {isa = PBXBuildFile; fileRef = FCE0ED43288F082F00495CD9 /* LoginViewController.swift */; };
		FCED3F0728A17F78004B27AA /* UIStackView+AddArrangedSubviews.swift in Sources */ = {isa = PBXBuildFile; fileRef = FCED3F0628A17F78004B27AA /* UIStackView+AddArrangedSubviews.swift */; };
/* End PBXBuildFile section */

/* Begin PBXFileReference section */
		0CE9B6BB12DB41CDD8891A43 /* Pods-Earth1round-iOS.debug.xcconfig */ = {isa = PBXFileReference; includeInIndex = 1; lastKnownFileType = text.xcconfig; name = "Pods-Earth1round-iOS.debug.xcconfig"; path = "Target Support Files/Pods-Earth1round-iOS/Pods-Earth1round-iOS.debug.xcconfig"; sourceTree = "<group>"; };
		64E384E6BCF881F15F1AE5FB /* Pods_Earth1round_iOS.framework */ = {isa = PBXFileReference; explicitFileType = wrapper.framework; includeInIndex = 0; path = Pods_Earth1round_iOS.framework; sourceTree = BUILT_PRODUCTS_DIR; };
		9E56C009BC4B40A321A5D4C6 /* Pods-Earth1round-iOS.release.xcconfig */ = {isa = PBXFileReference; includeInIndex = 1; lastKnownFileType = text.xcconfig; name = "Pods-Earth1round-iOS.release.xcconfig"; path = "Target Support Files/Pods-Earth1round-iOS/Pods-Earth1round-iOS.release.xcconfig"; sourceTree = "<group>"; };
		B016123A28B7B46F0065E2C7 /* CompleteCourse.swift */ = {isa = PBXFileReference; lastKnownFileType = sourcecode.swift; path = CompleteCourse.swift; sourceTree = "<group>"; };
		B016123C28B7B4930065E2C7 /* CompleteCourseAPI.swift */ = {isa = PBXFileReference; lastKnownFileType = sourcecode.swift; path = CompleteCourseAPI.swift; sourceTree = "<group>"; };
		B016123E28B7B49D0065E2C7 /* CompleteCourseService.swift */ = {isa = PBXFileReference; lastKnownFileType = sourcecode.swift; path = CompleteCourseService.swift; sourceTree = "<group>"; };
		B02D661628B20ECD00066095 /* Int+withCommas.swift */ = {isa = PBXFileReference; lastKnownFileType = sourcecode.swift; path = "Int+withCommas.swift"; sourceTree = "<group>"; };
		B02D661828B211D800066095 /* MyRecordCell.swift */ = {isa = PBXFileReference; fileEncoding = 4; lastKnownFileType = sourcecode.swift; path = MyRecordCell.swift; sourceTree = "<group>"; };
		B032AB3E288BF643002C5988 /* MyRecordViewController.swift */ = {isa = PBXFileReference; lastKnownFileType = sourcecode.swift; path = MyRecordViewController.swift; sourceTree = "<group>"; };
		B032AB40288BF87B002C5988 /* MyRecordCell.swift */ = {isa = PBXFileReference; lastKnownFileType = sourcecode.swift; name = MyRecordCell.swift; path = "Earth1round-iOS/Source/Presentation/ViewControllers/MyRecordCell.swift"; sourceTree = SOURCE_ROOT; };
		B05BE41F28B750A400F54CAC /* HomeViewModel.swift */ = {isa = PBXFileReference; lastKnownFileType = sourcecode.swift; path = HomeViewModel.swift; sourceTree = "<group>"; };
		B05BE42128B750F200F54CAC /* HomeUser.swift */ = {isa = PBXFileReference; lastKnownFileType = sourcecode.swift; path = HomeUser.swift; sourceTree = "<group>"; };
		B05BE42328B7518700F54CAC /* HomeUseCase.swift */ = {isa = PBXFileReference; lastKnownFileType = sourcecode.swift; name = HomeUseCase.swift; path = "Earth1round-iOS/Source/Domain/UseCases/HomeUseCase.swift"; sourceTree = SOURCE_ROOT; };
		B05BE42528B751D200F54CAC /* HomeRepository.swift */ = {isa = PBXFileReference; lastKnownFileType = sourcecode.swift; path = HomeRepository.swift; sourceTree = "<group>"; };
		B05BE42728B751F200F54CAC /* DefaultHomeRepository.swift */ = {isa = PBXFileReference; lastKnownFileType = sourcecode.swift; path = DefaultHomeRepository.swift; sourceTree = "<group>"; };
		B05BE42A28B7522A00F54CAC /* HomeAPI.swift */ = {isa = PBXFileReference; lastKnownFileType = sourcecode.swift; path = HomeAPI.swift; sourceTree = "<group>"; };
		B05BE42C28B7523300F54CAC /* HomeService.swift */ = {isa = PBXFileReference; lastKnownFileType = sourcecode.swift; path = HomeService.swift; sourceTree = "<group>"; };
		B05BE42E28B7621900F54CAC /* MyRecordViewModel.swift */ = {isa = PBXFileReference; lastKnownFileType = sourcecode.swift; path = MyRecordViewModel.swift; sourceTree = "<group>"; };
		B05BE43028B7622800F54CAC /* MyRecordUseCase.swift */ = {isa = PBXFileReference; lastKnownFileType = sourcecode.swift; name = MyRecordUseCase.swift; path = "Earth1round-iOS/Source/Domain/UseCases/MyRecordUseCase.swift"; sourceTree = SOURCE_ROOT; };
		B05BE43228B7623600F54CAC /* MyRecordRepository.swift */ = {isa = PBXFileReference; lastKnownFileType = sourcecode.swift; path = MyRecordRepository.swift; sourceTree = "<group>"; };
		B05BE43428B7624000F54CAC /* MyRecord.swift */ = {isa = PBXFileReference; lastKnownFileType = sourcecode.swift; path = MyRecord.swift; sourceTree = "<group>"; };
		B05BE43728B7639E00F54CAC /* DefaultMyRecordRepository.swift */ = {isa = PBXFileReference; lastKnownFileType = sourcecode.swift; path = DefaultMyRecordRepository.swift; sourceTree = "<group>"; };
		B05BE43A28B7663000F54CAC /* MyRecordAPI.swift */ = {isa = PBXFileReference; lastKnownFileType = sourcecode.swift; path = MyRecordAPI.swift; sourceTree = "<group>"; };
		B05BE43C28B7663800F54CAC /* MyRecordService.swift */ = {isa = PBXFileReference; lastKnownFileType = sourcecode.swift; path = MyRecordService.swift; sourceTree = "<group>"; };
		B0BD540A289E5B7D005384DF /* HealthStore.swift */ = {isa = PBXFileReference; lastKnownFileType = sourcecode.swift; path = HealthStore.swift; sourceTree = "<group>"; };
		B0C47BEA289D70350098D6C0 /* UILabel+changeTextBold.swift */ = {isa = PBXFileReference; lastKnownFileType = sourcecode.swift; path = "UILabel+changeTextBold.swift"; sourceTree = "<group>"; };
		B0C56653289522CA004EF4B6 /* HealthKit.framework */ = {isa = PBXFileReference; lastKnownFileType = wrapper.framework; name = HealthKit.framework; path = System/Library/Frameworks/HealthKit.framework; sourceTree = SDKROOT; };
		B0C56655289524EB004EF4B6 /* Earth1round-iOS.entitlements */ = {isa = PBXFileReference; lastKnownFileType = text.plist.entitlements; path = "Earth1round-iOS.entitlements"; sourceTree = "<group>"; };
		B0C71F44287D64820098BB87 /* EarthViewController.swift */ = {isa = PBXFileReference; lastKnownFileType = sourcecode.swift; path = EarthViewController.swift; sourceTree = "<group>"; };
		B0C71F4D287DACDA0098BB87 /* HomeViewController.swift */ = {isa = PBXFileReference; lastKnownFileType = sourcecode.swift; path = HomeViewController.swift; sourceTree = "<group>"; };
		B0ECB28828B61BB700ABA64B /* String+dateFormat.swift */ = {isa = PBXFileReference; lastKnownFileType = sourcecode.swift; path = "String+dateFormat.swift"; sourceTree = "<group>"; };
		B0ECB28A28B6782500ABA64B /* Double+mileToKilometer.swift */ = {isa = PBXFileReference; lastKnownFileType = sourcecode.swift; path = "Double+mileToKilometer.swift"; sourceTree = "<group>"; };
		B0F35E2928B4A1B4007962AB /* CourseUseCase.swift */ = {isa = PBXFileReference; lastKnownFileType = sourcecode.swift; name = CourseUseCase.swift; path = "Earth1round-iOS/Source/Domain/UseCases/CourseUseCase.swift"; sourceTree = SOURCE_ROOT; };
		B0F35E2B28B4A2BD007962AB /* CourseRepository.swift */ = {isa = PBXFileReference; lastKnownFileType = sourcecode.swift; path = CourseRepository.swift; sourceTree = "<group>"; };
		B0F35E2D28B4A2E8007962AB /* CurrentCourse.swift */ = {isa = PBXFileReference; lastKnownFileType = sourcecode.swift; path = CurrentCourse.swift; sourceTree = "<group>"; };
		B0F35E2F28B4A457007962AB /* CurrentCourseRepository.swift */ = {isa = PBXFileReference; lastKnownFileType = sourcecode.swift; path = CurrentCourseRepository.swift; sourceTree = "<group>"; };
		B0F35E3228B4A641007962AB /* CurrentCourseAPI.swift */ = {isa = PBXFileReference; lastKnownFileType = sourcecode.swift; path = CurrentCourseAPI.swift; sourceTree = "<group>"; };
		B0F35E3428B4A64B007962AB /* CurrentCourseService.swift */ = {isa = PBXFileReference; lastKnownFileType = sourcecode.swift; path = CurrentCourseService.swift; sourceTree = "<group>"; };
		B0F35E3928B4B886007962AB /* EarthViewModel.swift */ = {isa = PBXFileReference; lastKnownFileType = sourcecode.swift; path = EarthViewModel.swift; sourceTree = "<group>"; };
		FC415492287B297400300A9E /* Earth1round-iOS.app */ = {isa = PBXFileReference; explicitFileType = wrapper.application; includeInIndex = 0; path = "Earth1round-iOS.app"; sourceTree = BUILT_PRODUCTS_DIR; };
		FC415495287B297400300A9E /* AppDelegate.swift */ = {isa = PBXFileReference; lastKnownFileType = sourcecode.swift; path = AppDelegate.swift; sourceTree = "<group>"; };
		FC415497287B297400300A9E /* SceneDelegate.swift */ = {isa = PBXFileReference; lastKnownFileType = sourcecode.swift; path = SceneDelegate.swift; sourceTree = "<group>"; };
		FC41549C287B297400300A9E /* Base */ = {isa = PBXFileReference; lastKnownFileType = file.storyboard; name = Base; path = Base.lproj/Main.storyboard; sourceTree = "<group>"; };
		FC41549E287B297600300A9E /* Assets.xcassets */ = {isa = PBXFileReference; lastKnownFileType = folder.assetcatalog; path = Assets.xcassets; sourceTree = "<group>"; };
		FC4154A1287B297600300A9E /* Base */ = {isa = PBXFileReference; lastKnownFileType = file.storyboard; name = Base; path = Base.lproj/LaunchScreen.storyboard; sourceTree = "<group>"; };
		FC4154A3287B297600300A9E /* Info.plist */ = {isa = PBXFileReference; lastKnownFileType = text.plist.xml; path = Info.plist; sourceTree = "<group>"; };
		FC4154BD287B2A4500300A9E /* .swiftlint.yml */ = {isa = PBXFileReference; lastKnownFileType = text.yaml; path = .swiftlint.yml; sourceTree = "<group>"; };
		FC415502288171630030836E /* Size.swift */ = {isa = PBXFileReference; fileEncoding = 4; lastKnownFileType = sourcecode.swift; path = Size.swift; sourceTree = "<group>"; };
		FC4155042881717E0030836E /* NSObject+ClassName.swift */ = {isa = PBXFileReference; fileEncoding = 4; lastKnownFileType = sourcecode.swift; path = "NSObject+ClassName.swift"; sourceTree = "<group>"; };
		FC4155052881717E0030836E /* UINavigationController+Extensions.swift */ = {isa = PBXFileReference; fileEncoding = 4; lastKnownFileType = sourcecode.swift; path = "UINavigationController+Extensions.swift"; sourceTree = "<group>"; };
		FC4155062881717E0030836E /* UICollectionView+Generic.swift */ = {isa = PBXFileReference; fileEncoding = 4; lastKnownFileType = sourcecode.swift; path = "UICollectionView+Generic.swift"; sourceTree = "<group>"; };
		FC4155072881717E0030836E /* UIVIew+addSubViews.swift */ = {isa = PBXFileReference; fileEncoding = 4; lastKnownFileType = sourcecode.swift; path = "UIVIew+addSubViews.swift"; sourceTree = "<group>"; };
		FC41550C288171980030836E /* CharacterSelectionViewController.swift */ = {isa = PBXFileReference; fileEncoding = 4; lastKnownFileType = sourcecode.swift; path = CharacterSelectionViewController.swift; sourceTree = "<group>"; };
		FC41550D288171980030836E /* CourseViewController.swift */ = {isa = PBXFileReference; fileEncoding = 4; lastKnownFileType = sourcecode.swift; path = CourseViewController.swift; sourceTree = "<group>"; };
		FC41550E288171980030836E /* CalendarViewController.swift */ = {isa = PBXFileReference; fileEncoding = 4; lastKnownFileType = sourcecode.swift; path = CalendarViewController.swift; sourceTree = "<group>"; };
		FC415512288171AA0030836E /* CharacterCollectionViewCell.swift */ = {isa = PBXFileReference; fileEncoding = 4; lastKnownFileType = sourcecode.swift; path = CharacterCollectionViewCell.swift; sourceTree = "<group>"; };
		FC4155142883D17D0030836E /* UINavigationItem+Extensions.swift */ = {isa = PBXFileReference; lastKnownFileType = sourcecode.swift; path = "UINavigationItem+Extensions.swift"; sourceTree = "<group>"; };
		FC6EB1C22897D9EF007946F9 /* TermsViewController.swift */ = {isa = PBXFileReference; lastKnownFileType = sourcecode.swift; path = TermsViewController.swift; sourceTree = "<group>"; };
		FC6EB1C42897DA08007946F9 /* NicknameViewController.swift */ = {isa = PBXFileReference; lastKnownFileType = sourcecode.swift; path = NicknameViewController.swift; sourceTree = "<group>"; };
		FC6EB1C62897DA28007946F9 /* PopUpViewController.swift */ = {isa = PBXFileReference; lastKnownFileType = sourcecode.swift; path = PopUpViewController.swift; sourceTree = "<group>"; };
		FC6EB1CB28982F1D007946F9 /* UITextField+addLeftPadding.swift */ = {isa = PBXFileReference; lastKnownFileType = sourcecode.swift; path = "UITextField+addLeftPadding.swift"; sourceTree = "<group>"; };
		FC6EB1CD28983002007946F9 /* TermsTableViewCell.swift */ = {isa = PBXFileReference; lastKnownFileType = sourcecode.swift; path = TermsTableViewCell.swift; sourceTree = "<group>"; };
		FC6EB1DD289834B1007946F9 /* TermsLiterals.swift */ = {isa = PBXFileReference; lastKnownFileType = sourcecode.swift; path = TermsLiterals.swift; sourceTree = "<group>"; };
		FC6EB1DF28983F26007946F9 /* UITableView+Generic.swift */ = {isa = PBXFileReference; lastKnownFileType = sourcecode.swift; path = "UITableView+Generic.swift"; sourceTree = "<group>"; };
		FC6EB1E328991E47007946F9 /* SettingTableViewCell.swift */ = {isa = PBXFileReference; lastKnownFileType = sourcecode.swift; path = SettingTableViewCell.swift; sourceTree = "<group>"; };
		FC85F63428AD16E4004D2184 /* DefaultPlaceRepository.swift */ = {isa = PBXFileReference; fileEncoding = 4; lastKnownFileType = sourcecode.swift; path = DefaultPlaceRepository.swift; sourceTree = "<group>"; };
		FC85F63728AD16EF004D2184 /* BaseTargetType.swift */ = {isa = PBXFileReference; fileEncoding = 4; lastKnownFileType = sourcecode.swift; path = BaseTargetType.swift; sourceTree = "<group>"; };
		FC85F63828AD16EF004D2184 /* MultiMoyaProvider.swift */ = {isa = PBXFileReference; fileEncoding = 4; lastKnownFileType = sourcecode.swift; path = MultiMoyaProvider.swift; sourceTree = "<group>"; };
		FC85F63928AD16EF004D2184 /* Config.swift */ = {isa = PBXFileReference; fileEncoding = 4; lastKnownFileType = sourcecode.swift; path = Config.swift; sourceTree = "<group>"; };
		FC85F63A28AD16EF004D2184 /* KeyChainService.swift */ = {isa = PBXFileReference; fileEncoding = 4; lastKnownFileType = sourcecode.swift; path = KeyChainService.swift; sourceTree = "<group>"; };
		FC85F63B28AD16EF004D2184 /* MoyaLoggingPlugin.swift */ = {isa = PBXFileReference; fileEncoding = 4; lastKnownFileType = sourcecode.swift; path = MoyaLoggingPlugin.swift; sourceTree = "<group>"; };
		FC85F63C28AD16EF004D2184 /* HTTPMethodURL.swift */ = {isa = PBXFileReference; fileEncoding = 4; lastKnownFileType = sourcecode.swift; path = HTTPMethodURL.swift; sourceTree = "<group>"; };
		FC85F63E28AD16EF004D2184 /* PlaceAPI.swift */ = {isa = PBXFileReference; fileEncoding = 4; lastKnownFileType = sourcecode.swift; path = PlaceAPI.swift; sourceTree = "<group>"; };
		FC85F63F28AD16EF004D2184 /* PlaceService.swift */ = {isa = PBXFileReference; fileEncoding = 4; lastKnownFileType = sourcecode.swift; path = PlaceService.swift; sourceTree = "<group>"; };
		FC85F64D28AD1721004D2184 /* GenericResponse.swift */ = {isa = PBXFileReference; fileEncoding = 4; lastKnownFileType = sourcecode.swift; path = GenericResponse.swift; sourceTree = "<group>"; };
		FC85F64E28AD1721004D2184 /* CourseRequestModel.swift */ = {isa = PBXFileReference; fileEncoding = 4; lastKnownFileType = sourcecode.swift; path = CourseRequestModel.swift; sourceTree = "<group>"; };
		FC85F65128AD1738004D2184 /* PlaceUseCase.swift */ = {isa = PBXFileReference; fileEncoding = 4; lastKnownFileType = sourcecode.swift; name = PlaceUseCase.swift; path = "Earth1round-iOS/Source/Domain/UseCases/PlaceUseCase.swift"; sourceTree = SOURCE_ROOT; };
		FC85F65328AD173C004D2184 /* PlaceRepository.swift */ = {isa = PBXFileReference; fileEncoding = 4; lastKnownFileType = sourcecode.swift; path = PlaceRepository.swift; sourceTree = "<group>"; };
		FC85F65828AD17E9004D2184 /* Place.swift */ = {isa = PBXFileReference; fileEncoding = 4; lastKnownFileType = sourcecode.swift; path = Place.swift; sourceTree = "<group>"; };
		FC868990289E6BF100CEE14C /* ERBottomSheet.swift */ = {isa = PBXFileReference; lastKnownFileType = sourcecode.swift; path = ERBottomSheet.swift; sourceTree = "<group>"; };
		FC868992289E6C6200CEE14C /* UIView+makeRounded.swift */ = {isa = PBXFileReference; lastKnownFileType = sourcecode.swift; path = "UIView+makeRounded.swift"; sourceTree = "<group>"; };
		FC9A4D1F28A4FBEB00C41DEC /* NotoSansKR-Bold.otf */ = {isa = PBXFileReference; lastKnownFileType = file; path = "NotoSansKR-Bold.otf"; sourceTree = "<group>"; };
		FC9A4D2128A4FBF400C41DEC /* NotoSansKR-Regular.otf */ = {isa = PBXFileReference; lastKnownFileType = file; path = "NotoSansKR-Regular.otf"; sourceTree = "<group>"; };
		FC9A4D2528A4FE1B00C41DEC /* Colors.xcassets */ = {isa = PBXFileReference; lastKnownFileType = folder.assetcatalog; path = Colors.xcassets; sourceTree = "<group>"; };
		FC9A4D2728A4FE4500C41DEC /* Images.xcassets */ = {isa = PBXFileReference; lastKnownFileType = folder.assetcatalog; path = Images.xcassets; sourceTree = "<group>"; };
		FC9A4D2928A5007C00C41DEC /* Fonts.swift */ = {isa = PBXFileReference; lastKnownFileType = sourcecode.swift; path = Fonts.swift; sourceTree = "<group>"; };
		FC9A4D2C28A507E000C41DEC /* swiftgen.yml */ = {isa = PBXFileReference; fileEncoding = 4; lastKnownFileType = text.yaml; path = swiftgen.yml; sourceTree = "<group>"; };
		FC9A4D2E28A507EB00C41DEC /* Assets+Generated.swift */ = {isa = PBXFileReference; fileEncoding = 4; lastKnownFileType = sourcecode.swift; path = "Assets+Generated.swift"; sourceTree = "<group>"; };
		FCC2B39B2885676400924872 /* BaseViewController.swift */ = {isa = PBXFileReference; lastKnownFileType = sourcecode.swift; path = BaseViewController.swift; sourceTree = "<group>"; };
		FCE0ED40288F07EE00495CD9 /* SettingViewController.swift */ = {isa = PBXFileReference; lastKnownFileType = sourcecode.swift; path = SettingViewController.swift; sourceTree = "<group>"; };
		FCE0ED43288F082F00495CD9 /* LoginViewController.swift */ = {isa = PBXFileReference; lastKnownFileType = sourcecode.swift; path = LoginViewController.swift; sourceTree = "<group>"; };
		FCED3F0628A17F78004B27AA /* UIStackView+AddArrangedSubviews.swift */ = {isa = PBXFileReference; fileEncoding = 4; lastKnownFileType = sourcecode.swift; path = "UIStackView+AddArrangedSubviews.swift"; sourceTree = "<group>"; };
/* End PBXFileReference section */

/* Begin PBXFrameworksBuildPhase section */
		FC41548F287B297400300A9E /* Frameworks */ = {
			isa = PBXFrameworksBuildPhase;
			buildActionMask = 2147483647;
			files = (
				B0C56654289522CA004EF4B6 /* HealthKit.framework in Frameworks */,
				FC4154C1287B2AA600300A9E /* Moya in Frameworks */,
				FC4154C7287B2AC300300A9E /* Then in Frameworks */,
				FC7267302885692100BBE712 /* RxSwift in Frameworks */,
				FC72672E2885692100BBE712 /* RxCocoa in Frameworks */,
				FC4154C4287B2AB600300A9E /* SnapKit in Frameworks */,
				D3FE608DE500AB3604AAECD9 /* Pods_Earth1round_iOS.framework in Frameworks */,
			);
			runOnlyForDeploymentPostprocessing = 0;
		};
/* End PBXFrameworksBuildPhase section */

/* Begin PBXGroup section */
		13A327FCB3C5E1B542D1990F /* Pods */ = {
			isa = PBXGroup;
			children = (
				0CE9B6BB12DB41CDD8891A43 /* Pods-Earth1round-iOS.debug.xcconfig */,
				9E56C009BC4B40A321A5D4C6 /* Pods-Earth1round-iOS.release.xcconfig */,
			);
			path = Pods;
			sourceTree = "<group>";
		};
		B02D661A28B2122200066095 /* MyRecord */ = {
			isa = PBXGroup;
			children = (
				B05BE43628B7638A00F54CAC /* ViewModel */,
				B02D661C28B2123100066095 /* Cell */,
				B02D661B28B2122C00066095 /* ViewController */,
			);
			path = MyRecord;
			sourceTree = "<group>";
		};
		B02D661B28B2122C00066095 /* ViewController */ = {
			isa = PBXGroup;
			children = (
				B032AB3E288BF643002C5988 /* MyRecordViewController.swift */,
			);
			path = ViewController;
			sourceTree = "<group>";
		};
		B02D661C28B2123100066095 /* Cell */ = {
			isa = PBXGroup;
			children = (
				B02D661828B211D800066095 /* MyRecordCell.swift */,
			);
			path = Cell;
			sourceTree = "<group>";
		};
		B05BE41D28B7509200F54CAC /* ViewController */ = {
			isa = PBXGroup;
			children = (
			);
			path = ViewController;
			sourceTree = "<group>";
		};
		B05BE41E28B7509900F54CAC /* ViewModel */ = {
			isa = PBXGroup;
			children = (
				B05BE41F28B750A400F54CAC /* HomeViewModel.swift */,
			);
			path = ViewModel;
			sourceTree = "<group>";
		};
		B05BE42928B7521F00F54CAC /* Home */ = {
			isa = PBXGroup;
			children = (
				B05BE42A28B7522A00F54CAC /* HomeAPI.swift */,
				B05BE42C28B7523300F54CAC /* HomeService.swift */,
			);
			path = Home;
			sourceTree = "<group>";
		};
		B05BE43628B7638A00F54CAC /* ViewModel */ = {
			isa = PBXGroup;
			children = (
				B05BE42E28B7621900F54CAC /* MyRecordViewModel.swift */,
			);
			path = ViewModel;
			sourceTree = "<group>";
		};
		B05BE43928B7662100F54CAC /* MyRecord */ = {
			isa = PBXGroup;
			children = (
				B05BE43A28B7663000F54CAC /* MyRecordAPI.swift */,
				B05BE43C28B7663800F54CAC /* MyRecordService.swift */,
			);
			path = MyRecord;
			sourceTree = "<group>";
		};
		B0BD5409289E5B37005384DF /* Health */ = {
			isa = PBXGroup;
			children = (
				B0BD540A289E5B7D005384DF /* HealthStore.swift */,
			);
			path = Health;
			sourceTree = "<group>";
		};
		B0F35E3128B4A631007962AB /* CurrentCourse */ = {
			isa = PBXGroup;
			children = (
				B0F35E3228B4A641007962AB /* CurrentCourseAPI.swift */,
				B0F35E3428B4A64B007962AB /* CurrentCourseService.swift */,
				B016123C28B7B4930065E2C7 /* CompleteCourseAPI.swift */,
				B016123E28B7B49D0065E2C7 /* CompleteCourseService.swift */,
			);
			path = CurrentCourse;
			sourceTree = "<group>";
		};
		B0F35E3628B4B69E007962AB /* Earth */ = {
			isa = PBXGroup;
			children = (
				B0F35E3828B4B877007962AB /* ViewController */,
				B0F35E3728B4B86F007962AB /* ViewModel */,
			);
			path = Earth;
			sourceTree = "<group>";
		};
		B0F35E3728B4B86F007962AB /* ViewModel */ = {
			isa = PBXGroup;
			children = (
				B0F35E3928B4B886007962AB /* EarthViewModel.swift */,
			);
			path = ViewModel;
			sourceTree = "<group>";
		};
		B0F35E3828B4B877007962AB /* ViewController */ = {
			isa = PBXGroup;
			children = (
				B0C71F44287D64820098BB87 /* EarthViewController.swift */,
			);
			path = ViewController;
			sourceTree = "<group>";
		};
		CEE843E4DB48070742E1556A /* Frameworks */ = {
			isa = PBXGroup;
			children = (
				B0C56653289522CA004EF4B6 /* HealthKit.framework */,
				64E384E6BCF881F15F1AE5FB /* Pods_Earth1round_iOS.framework */,
			);
			name = Frameworks;
			sourceTree = "<group>";
		};
		FC415489287B297400300A9E = {
			isa = PBXGroup;
			children = (
				FC4154BD287B2A4500300A9E /* .swiftlint.yml */,
				FC9A4D2C28A507E000C41DEC /* swiftgen.yml */,
				FC415494287B297400300A9E /* Earth1round-iOS */,
				FC415493287B297400300A9E /* Products */,
				13A327FCB3C5E1B542D1990F /* Pods */,
				CEE843E4DB48070742E1556A /* Frameworks */,
			);
			sourceTree = "<group>";
		};
		FC415493287B297400300A9E /* Products */ = {
			isa = PBXGroup;
			children = (
				FC415492287B297400300A9E /* Earth1round-iOS.app */,
			);
			name = Products;
			sourceTree = "<group>";
		};
		FC415494287B297400300A9E /* Earth1round-iOS */ = {
			isa = PBXGroup;
			children = (
				B0C56655289524EB004EF4B6 /* Earth1round-iOS.entitlements */,
				FC9A4D1D28A4FB7700C41DEC /* Global */,
				FC4154A9287B297D00300A9E /* Source */,
			);
			path = "Earth1round-iOS";
			sourceTree = "<group>";
		};
		FC4154A9287B297D00300A9E /* Source */ = {
			isa = PBXGroup;
			children = (
				FC4154AB287B298C00300A9E /* Presentation */,
				FC4154AC287B299100300A9E /* Domain */,
				FC4154AD287B299400300A9E /* Data */,
			);
			path = Source;
			sourceTree = "<group>";
		};
		FC4154AA287B298400300A9E /* Resource */ = {
			isa = PBXGroup;
			children = (
				FC9A4D1E28A4FB8600C41DEC /* Fonts */,
				FC41549E287B297600300A9E /* Assets.xcassets */,
				FC9A4D2728A4FE4500C41DEC /* Images.xcassets */,
				FC9A4D2528A4FE1B00C41DEC /* Colors.xcassets */,
			);
			path = Resource;
			sourceTree = "<group>";
		};
		FC4154AB287B298C00300A9E /* Presentation */ = {
			isa = PBXGroup;
			children = (
				B0F35E3628B4B69E007962AB /* Earth */,
				B02D661A28B2122200066095 /* MyRecord */,
				FC86898E289E6BB900CEE14C /* Components */,
				FCC2B39A2885674A00924872 /* Base */,
				FC6EB1D828983152007946F9 /* PopUp */,
				FC6EB1DA28983165007946F9 /* Setting */,
				FC6EB1C82897DA6B007946F9 /* Login */,
				B0BD5409289E5B37005384DF /* Health */,
				FC6EB1D3289830AF007946F9 /* CharacterSelection */,
				FC6EB1D228983094007946F9 /* Calendar */,
				FC6EB1D4289830E9007946F9 /* Course */,
				FC4154B2287B29D000300A9E /* Home */,
			);
			path = Presentation;
			sourceTree = "<group>";
		};
		FC4154AC287B299100300A9E /* Domain */ = {
			isa = PBXGroup;
			children = (
				FC4154B8287B29EE00300A9E /* Usecases */,
				FC4154B7287B29E600300A9E /* Repositories */,
				FC85F65728AD1762004D2184 /* Entities */,
			);
			path = Domain;
			sourceTree = "<group>";
		};
		FC4154AD287B299400300A9E /* Data */ = {
			isa = PBXGroup;
			children = (
				FC4154BB287B29FE00300A9E /* Repositories */,
				FC4154BA287B29F900300A9E /* Services */,
				FC85F64C28AD1721004D2184 /* Models */,
			);
			path = Data;
			sourceTree = "<group>";
		};
		FC4154AE287B29A600300A9E /* Storyboards */ = {
			isa = PBXGroup;
			children = (
				FC41549B287B297400300A9E /* Main.storyboard */,
			);
			path = Storyboards;
			sourceTree = "<group>";
		};
		FC4154B0287B29BA00300A9E /* Extensions */ = {
			isa = PBXGroup;
			children = (
				FCED3F0628A17F78004B27AA /* UIStackView+AddArrangedSubviews.swift */,
				FC4155072881717E0030836E /* UIVIew+addSubViews.swift */,
				FC4155042881717E0030836E /* NSObject+ClassName.swift */,
				FC4155062881717E0030836E /* UICollectionView+Generic.swift */,
				FC6EB1DF28983F26007946F9 /* UITableView+Generic.swift */,
				FC4155052881717E0030836E /* UINavigationController+Extensions.swift */,
				FC4155142883D17D0030836E /* UINavigationItem+Extensions.swift */,
				B0C47BEA289D70350098D6C0 /* UILabel+changeTextBold.swift */,
				FC6EB1CB28982F1D007946F9 /* UITextField+addLeftPadding.swift */,
				FC868992289E6C6200CEE14C /* UIView+makeRounded.swift */,
				B02D661628B20ECD00066095 /* Int+withCommas.swift */,
				B0ECB28828B61BB700ABA64B /* String+dateFormat.swift */,
				B0ECB28A28B6782500ABA64B /* Double+mileToKilometer.swift */,
			);
			path = Extensions;
			sourceTree = "<group>";
		};
		FC4154B1287B29BF00300A9E /* Constants */ = {
			isa = PBXGroup;
			children = (
				FC9A4D2E28A507EB00C41DEC /* Assets+Generated.swift */,
				FC415502288171630030836E /* Size.swift */,
			);
			path = Constants;
			sourceTree = "<group>";
		};
		FC4154B2287B29D000300A9E /* Home */ = {
			isa = PBXGroup;
			children = (
				B05BE41E28B7509900F54CAC /* ViewModel */,
				B05BE41D28B7509200F54CAC /* ViewController */,
				B0C71F4D287DACDA0098BB87 /* HomeViewController.swift */,
			);
			path = Home;
			sourceTree = "<group>";
		};
		FC4154B5287B29DA00300A9E /* Cell */ = {
			isa = PBXGroup;
			children = (
				B032AB40288BF87B002C5988 /* MyRecordCell.swift */,
				FC415512288171AA0030836E /* CharacterCollectionViewCell.swift */,
			);
			path = Cell;
			sourceTree = "<group>";
		};
		FC4154B7287B29E600300A9E /* Repositories */ = {
			isa = PBXGroup;
			children = (
				FC85F65328AD173C004D2184 /* PlaceRepository.swift */,
				B0F35E2B28B4A2BD007962AB /* CourseRepository.swift */,
				B05BE42528B751D200F54CAC /* HomeRepository.swift */,
				B05BE43228B7623600F54CAC /* MyRecordRepository.swift */,
			);
			path = Repositories;
			sourceTree = "<group>";
		};
		FC4154B8287B29EE00300A9E /* Usecases */ = {
			isa = PBXGroup;
			children = (
				FC85F65128AD1738004D2184 /* PlaceUseCase.swift */,
				B0F35E2928B4A1B4007962AB /* CourseUseCase.swift */,
				B05BE42328B7518700F54CAC /* HomeUseCase.swift */,
				B05BE43028B7622800F54CAC /* MyRecordUseCase.swift */,
			);
			path = Usecases;
			sourceTree = "<group>";
		};
		FC4154BA287B29F900300A9E /* Services */ = {
			isa = PBXGroup;
			children = (
				B05BE43928B7662100F54CAC /* MyRecord */,
				B05BE42928B7521F00F54CAC /* Home */,
				B0F35E3128B4A631007962AB /* CurrentCourse */,
				FC85F63D28AD16EF004D2184 /* Place */,
				FC85F63628AD16EF004D2184 /* Utils */,
			);
			path = Services;
			sourceTree = "<group>";
		};
		FC4154BB287B29FE00300A9E /* Repositories */ = {
			isa = PBXGroup;
			children = (
				B0F35E2F28B4A457007962AB /* CurrentCourseRepository.swift */,
				FC85F63428AD16E4004D2184 /* DefaultPlaceRepository.swift */,
				B05BE42728B751F200F54CAC /* DefaultHomeRepository.swift */,
				B05BE43728B7639E00F54CAC /* DefaultMyRecordRepository.swift */,
			);
			path = Repositories;
			sourceTree = "<group>";
		};
		FC4154BC287B2A0E00300A9E /* Support */ = {
			isa = PBXGroup;
			children = (
				FC4154A3287B297600300A9E /* Info.plist */,
				FC415495287B297400300A9E /* AppDelegate.swift */,
				FC415497287B297400300A9E /* SceneDelegate.swift */,
				FC4154A0287B297600300A9E /* LaunchScreen.storyboard */,
			);
			path = Support;
			sourceTree = "<group>";
		};
		FC6EB1C82897DA6B007946F9 /* Login */ = {
			isa = PBXGroup;
			children = (
				FC6EB1D028983026007946F9 /* ViewController */,
				FC6EB1D128983040007946F9 /* Cell */,
			);
			path = Login;
			sourceTree = "<group>";
		};
		FC6EB1D028983026007946F9 /* ViewController */ = {
			isa = PBXGroup;
			children = (
				FCE0ED43288F082F00495CD9 /* LoginViewController.swift */,
				FC6EB1C22897D9EF007946F9 /* TermsViewController.swift */,
				FC6EB1C42897DA08007946F9 /* NicknameViewController.swift */,
			);
			path = ViewController;
			sourceTree = "<group>";
		};
		FC6EB1D128983040007946F9 /* Cell */ = {
			isa = PBXGroup;
			children = (
				FC6EB1CD28983002007946F9 /* TermsTableViewCell.swift */,
			);
			path = Cell;
			sourceTree = "<group>";
		};
		FC6EB1D228983094007946F9 /* Calendar */ = {
			isa = PBXGroup;
			children = (
				FC6EB1D5289830F8007946F9 /* Viewcontroller */,
			);
			path = Calendar;
			sourceTree = "<group>";
		};
		FC6EB1D3289830AF007946F9 /* CharacterSelection */ = {
			isa = PBXGroup;
			children = (
				FC6EB1D62898310A007946F9 /* ViewController */,
				FC4154B5287B29DA00300A9E /* Cell */,
			);
			path = CharacterSelection;
			sourceTree = "<group>";
		};
		FC6EB1D4289830E9007946F9 /* Course */ = {
			isa = PBXGroup;
			children = (
				FC6EB1D728983118007946F9 /* ViewController */,
			);
			path = Course;
			sourceTree = "<group>";
		};
		FC6EB1D5289830F8007946F9 /* Viewcontroller */ = {
			isa = PBXGroup;
			children = (
				FC41550E288171980030836E /* CalendarViewController.swift */,
			);
			path = Viewcontroller;
			sourceTree = "<group>";
		};
		FC6EB1D62898310A007946F9 /* ViewController */ = {
			isa = PBXGroup;
			children = (
				FC41550C288171980030836E /* CharacterSelectionViewController.swift */,
			);
			path = ViewController;
			sourceTree = "<group>";
		};
		FC6EB1D728983118007946F9 /* ViewController */ = {
			isa = PBXGroup;
			children = (
				FC41550D288171980030836E /* CourseViewController.swift */,
			);
			path = ViewController;
			sourceTree = "<group>";
		};
		FC6EB1D828983152007946F9 /* PopUp */ = {
			isa = PBXGroup;
			children = (
				FC6EB1D92898315B007946F9 /* ViewController */,
			);
			path = PopUp;
			sourceTree = "<group>";
		};
		FC6EB1D92898315B007946F9 /* ViewController */ = {
			isa = PBXGroup;
			children = (
				FC6EB1C62897DA28007946F9 /* PopUpViewController.swift */,
			);
			path = ViewController;
			sourceTree = "<group>";
		};
		FC6EB1DA28983165007946F9 /* Setting */ = {
			isa = PBXGroup;
			children = (
				FC6EB1E228991E39007946F9 /* Cell */,
				FC6EB1DB28983172007946F9 /* ViewController */,
			);
			path = Setting;
			sourceTree = "<group>";
		};
		FC6EB1DB28983172007946F9 /* ViewController */ = {
			isa = PBXGroup;
			children = (
				FCE0ED40288F07EE00495CD9 /* SettingViewController.swift */,
			);
			path = ViewController;
			sourceTree = "<group>";
		};
		FC6EB1DC2898348A007946F9 /* Literals */ = {
			isa = PBXGroup;
			children = (
				FC6EB1DD289834B1007946F9 /* TermsLiterals.swift */,
			);
			path = Literals;
			sourceTree = "<group>";
		};
		FC6EB1E228991E39007946F9 /* Cell */ = {
			isa = PBXGroup;
			children = (
				FC6EB1E328991E47007946F9 /* SettingTableViewCell.swift */,
			);
			path = Cell;
			sourceTree = "<group>";
		};
		FC85F63628AD16EF004D2184 /* Utils */ = {
			isa = PBXGroup;
			children = (
				FC85F63728AD16EF004D2184 /* BaseTargetType.swift */,
				FC85F63828AD16EF004D2184 /* MultiMoyaProvider.swift */,
				FC85F63928AD16EF004D2184 /* Config.swift */,
				FC85F63A28AD16EF004D2184 /* KeyChainService.swift */,
				FC85F63B28AD16EF004D2184 /* MoyaLoggingPlugin.swift */,
				FC85F63C28AD16EF004D2184 /* HTTPMethodURL.swift */,
			);
			path = Utils;
			sourceTree = "<group>";
		};
		FC85F63D28AD16EF004D2184 /* Place */ = {
			isa = PBXGroup;
			children = (
				FC85F63E28AD16EF004D2184 /* PlaceAPI.swift */,
				FC85F63F28AD16EF004D2184 /* PlaceService.swift */,
			);
			path = Place;
			sourceTree = "<group>";
		};
		FC85F64C28AD1721004D2184 /* Models */ = {
			isa = PBXGroup;
			children = (
				FC85F64D28AD1721004D2184 /* GenericResponse.swift */,
				FC85F64E28AD1721004D2184 /* CourseRequestModel.swift */,
			);
			path = Models;
			sourceTree = "<group>";
		};
		FC85F65728AD1762004D2184 /* Entities */ = {
			isa = PBXGroup;
			children = (
				FC85F65828AD17E9004D2184 /* Place.swift */,
				B0F35E2D28B4A2E8007962AB /* CurrentCourse.swift */,
				B05BE42128B750F200F54CAC /* HomeUser.swift */,
				B05BE43428B7624000F54CAC /* MyRecord.swift */,
				B016123A28B7B46F0065E2C7 /* CompleteCourse.swift */,
			);
			path = Entities;
			sourceTree = "<group>";
		};
		FC86898E289E6BB900CEE14C /* Components */ = {
			isa = PBXGroup;
			children = (
				FC868990289E6BF100CEE14C /* ERBottomSheet.swift */,
			);
			path = Components;
			sourceTree = "<group>";
		};
		FC9A4D1D28A4FB7700C41DEC /* Global */ = {
			isa = PBXGroup;
			children = (
				FC4154AA287B298400300A9E /* Resource */,
				FC4154B1287B29BF00300A9E /* Constants */,
				FC6EB1DC2898348A007946F9 /* Literals */,
				FC4154B0287B29BA00300A9E /* Extensions */,
				FC4154AE287B29A600300A9E /* Storyboards */,
				FC4154BC287B2A0E00300A9E /* Support */,
			);
			path = Global;
			sourceTree = "<group>";
		};
		FC9A4D1E28A4FB8600C41DEC /* Fonts */ = {
			isa = PBXGroup;
			children = (
				FC9A4D2128A4FBF400C41DEC /* NotoSansKR-Regular.otf */,
				FC9A4D1F28A4FBEB00C41DEC /* NotoSansKR-Bold.otf */,
				FC9A4D2928A5007C00C41DEC /* Fonts.swift */,
			);
			path = Fonts;
			sourceTree = "<group>";
		};
		FCC2B39A2885674A00924872 /* Base */ = {
			isa = PBXGroup;
			children = (
				FCC2B39B2885676400924872 /* BaseViewController.swift */,
			);
			path = Base;
			sourceTree = "<group>";
		};
/* End PBXGroup section */

/* Begin PBXNativeTarget section */
		FC415491287B297400300A9E /* Earth1round-iOS */ = {
			isa = PBXNativeTarget;
			buildConfigurationList = FC4154A6287B297600300A9E /* Build configuration list for PBXNativeTarget "Earth1round-iOS" */;
			buildPhases = (
				F610400DDA23EC4DF06D1ADE /* [CP] Check Pods Manifest.lock */,
				FC41548E287B297400300A9E /* Sources */,
				FC41548F287B297400300A9E /* Frameworks */,
				FC415490287B297400300A9E /* Resources */,
				D321FFEBD4B3620E6C344613 /* [CP] Copy Pods Resources */,
				FC9A4D3028A507FA00C41DEC /* SwiftGen Script */,
				FC85F65A28AD1833004D2184 /* SwiftLint Script */,
			);
			buildRules = (
			);
			dependencies = (
			);
			name = "Earth1round-iOS";
			packageProductDependencies = (
				FC4154C0287B2AA600300A9E /* Moya */,
				FC4154C3287B2AB600300A9E /* SnapKit */,
				FC4154C6287B2AC300300A9E /* Then */,
				FC72672D2885692100BBE712 /* RxCocoa */,
				FC72672F2885692100BBE712 /* RxSwift */,
			);
			productName = "Earth1round-iOS";
			productReference = FC415492287B297400300A9E /* Earth1round-iOS.app */;
			productType = "com.apple.product-type.application";
		};
/* End PBXNativeTarget section */

/* Begin PBXProject section */
		FC41548A287B297400300A9E /* Project object */ = {
			isa = PBXProject;
			attributes = {
				BuildIndependentTargetsInParallel = 1;
				LastSwiftUpdateCheck = 1340;
				LastUpgradeCheck = 1340;
				TargetAttributes = {
					FC415491287B297400300A9E = {
						CreatedOnToolsVersion = 13.4.1;
					};
				};
			};
			buildConfigurationList = FC41548D287B297400300A9E /* Build configuration list for PBXProject "Earth1round-iOS" */;
			compatibilityVersion = "Xcode 13.0";
			developmentRegion = en;
			hasScannedForEncodings = 0;
			knownRegions = (
				en,
				Base,
			);
			mainGroup = FC415489287B297400300A9E;
			packageReferences = (
				FC4154BF287B2AA600300A9E /* XCRemoteSwiftPackageReference "Moya" */,
				FC4154C2287B2AB600300A9E /* XCRemoteSwiftPackageReference "SnapKit" */,
				FC4154C5287B2AC300300A9E /* XCRemoteSwiftPackageReference "Then" */,
				FC72672C2885692100BBE712 /* XCRemoteSwiftPackageReference "RxSwift" */,
			);
			productRefGroup = FC415493287B297400300A9E /* Products */;
			projectDirPath = "";
			projectRoot = "";
			targets = (
				FC415491287B297400300A9E /* Earth1round-iOS */,
			);
		};
/* End PBXProject section */

/* Begin PBXResourcesBuildPhase section */
		FC415490287B297400300A9E /* Resources */ = {
			isa = PBXResourcesBuildPhase;
			buildActionMask = 2147483647;
			files = (
				FC4154BE287B2A4500300A9E /* .swiftlint.yml in Resources */,
				FC4154A2287B297600300A9E /* LaunchScreen.storyboard in Resources */,
				FC41549F287B297600300A9E /* Assets.xcassets in Resources */,
				FC9A4D2628A4FE1B00C41DEC /* Colors.xcassets in Resources */,
				FC9A4D2828A4FE4500C41DEC /* Images.xcassets in Resources */,
				FC41549D287B297400300A9E /* Main.storyboard in Resources */,
				FC9A4D2228A4FBF400C41DEC /* NotoSansKR-Regular.otf in Resources */,
				FC9A4D2028A4FBEB00C41DEC /* NotoSansKR-Bold.otf in Resources */,
				FC9A4D2D28A507E000C41DEC /* swiftgen.yml in Resources */,
			);
			runOnlyForDeploymentPostprocessing = 0;
		};
/* End PBXResourcesBuildPhase section */

/* Begin PBXShellScriptBuildPhase section */
		D321FFEBD4B3620E6C344613 /* [CP] Copy Pods Resources */ = {
			isa = PBXShellScriptBuildPhase;
			buildActionMask = 2147483647;
			files = (
			);
			inputFileListPaths = (
				"${PODS_ROOT}/Target Support Files/Pods-Earth1round-iOS/Pods-Earth1round-iOS-resources-${CONFIGURATION}-input-files.xcfilelist",
			);
			name = "[CP] Copy Pods Resources";
			outputFileListPaths = (
				"${PODS_ROOT}/Target Support Files/Pods-Earth1round-iOS/Pods-Earth1round-iOS-resources-${CONFIGURATION}-output-files.xcfilelist",
			);
			runOnlyForDeploymentPostprocessing = 0;
			shellPath = /bin/sh;
			shellScript = "\"${PODS_ROOT}/Target Support Files/Pods-Earth1round-iOS/Pods-Earth1round-iOS-resources.sh\"\n";
			showEnvVarsInLog = 0;
		};
		F610400DDA23EC4DF06D1ADE /* [CP] Check Pods Manifest.lock */ = {
			isa = PBXShellScriptBuildPhase;
			buildActionMask = 2147483647;
			files = (
			);
			inputFileListPaths = (
			);
			inputPaths = (
				"${PODS_PODFILE_DIR_PATH}/Podfile.lock",
				"${PODS_ROOT}/Manifest.lock",
			);
			name = "[CP] Check Pods Manifest.lock";
			outputFileListPaths = (
			);
			outputPaths = (
				"$(DERIVED_FILE_DIR)/Pods-Earth1round-iOS-checkManifestLockResult.txt",
			);
			runOnlyForDeploymentPostprocessing = 0;
			shellPath = /bin/sh;
			shellScript = "diff \"${PODS_PODFILE_DIR_PATH}/Podfile.lock\" \"${PODS_ROOT}/Manifest.lock\" > /dev/null\nif [ $? != 0 ] ; then\n    # print error to STDERR\n    echo \"error: The sandbox is not in sync with the Podfile.lock. Run 'pod install' or update your CocoaPods installation.\" >&2\n    exit 1\nfi\n# This output is used by Xcode 'outputs' to avoid re-running this script phase.\necho \"SUCCESS\" > \"${SCRIPT_OUTPUT_FILE_0}\"\n";
			showEnvVarsInLog = 0;
		};
		FC85F65A28AD1833004D2184 /* SwiftLint Script */ = {
			isa = PBXShellScriptBuildPhase;
			buildActionMask = 2147483647;
			files = (
			);
			inputFileListPaths = (
			);
			inputPaths = (
			);
			name = "SwiftLint Script";
			outputFileListPaths = (
			);
			outputPaths = (
			);
			runOnlyForDeploymentPostprocessing = 0;
			shellPath = /bin/sh;
			shellScript = "if which swiftlint >/dev/null; then\n  swiftlint\nelse\n  echo \"warning: SwiftLint not installed, download from https://github.com/realm/SwiftLint\"\nfi\n";
		};
		FC9A4D3028A507FA00C41DEC /* SwiftGen Script */ = {
			isa = PBXShellScriptBuildPhase;
			buildActionMask = 8;
			files = (
			);
			inputFileListPaths = (
			);
			inputPaths = (
			);
			name = "SwiftGen Script";
			outputFileListPaths = (
			);
			outputPaths = (
			);
			runOnlyForDeploymentPostprocessing = 1;
			shellPath = /bin/sh;
			shellScript = "# Type a script or drag a script file from your workspace to insert its path.\nswiftgen config run\n";
		};
/* End PBXShellScriptBuildPhase section */

/* Begin PBXSourcesBuildPhase section */
		FC41548E287B297400300A9E /* Sources */ = {
			isa = PBXSourcesBuildPhase;
			buildActionMask = 2147483647;
			files = (
				B0F35E2E28B4A2E8007962AB /* CurrentCourse.swift in Sources */,
				B0C71F4E287DACDA0098BB87 /* HomeViewController.swift in Sources */,
				B0F35E2C28B4A2BD007962AB /* CourseRepository.swift in Sources */,
				B02D661728B20ECD00066095 /* Int+withCommas.swift in Sources */,
				FC4155152883D17E0030836E /* UINavigationItem+Extensions.swift in Sources */,
				B016123B28B7B46F0065E2C7 /* CompleteCourse.swift in Sources */,
				B05BE43B28B7663000F54CAC /* MyRecordAPI.swift in Sources */,
				B05BE42228B750F200F54CAC /* HomeUser.swift in Sources */,
				FC85F64128AD16EF004D2184 /* MultiMoyaProvider.swift in Sources */,
				B0C47BEB289D70350098D6C0 /* UILabel+changeTextBold.swift in Sources */,
				B05BE42828B751F200F54CAC /* DefaultHomeRepository.swift in Sources */,
				FC6EB1E428991E47007946F9 /* SettingTableViewCell.swift in Sources */,
				B0F35E3528B4A64B007962AB /* CurrentCourseService.swift in Sources */,
				B05BE42B28B7522A00F54CAC /* HomeAPI.swift in Sources */,
				B0F35E3A28B4B886007962AB /* EarthViewModel.swift in Sources */,
				FC415513288171AA0030836E /* CharacterCollectionViewCell.swift in Sources */,
				FC41550B2881717E0030836E /* UIVIew+addSubViews.swift in Sources */,
				FC415503288171630030836E /* Size.swift in Sources */,
				B0ECB28B28B6782500ABA64B /* Double+mileToKilometer.swift in Sources */,
				B016123F28B7B49D0065E2C7 /* CompleteCourseService.swift in Sources */,
				FC415511288171980030836E /* CalendarViewController.swift in Sources */,
				FC6EB1E028983F26007946F9 /* UITableView+Generic.swift in Sources */,
				FC6EB1C32897D9EF007946F9 /* TermsViewController.swift in Sources */,
				B05BE43528B7624000F54CAC /* MyRecord.swift in Sources */,
				B05BE43328B7623600F54CAC /* MyRecordRepository.swift in Sources */,
				FC85F65228AD1738004D2184 /* PlaceUseCase.swift in Sources */,
				FC6EB1C52897DA08007946F9 /* NicknameViewController.swift in Sources */,
				B05BE42628B751D200F54CAC /* HomeRepository.swift in Sources */,
				FC85F64F28AD1721004D2184 /* GenericResponse.swift in Sources */,
				FC85F64428AD16EF004D2184 /* MoyaLoggingPlugin.swift in Sources */,
				FCE0ED41288F07EE00495CD9 /* SettingViewController.swift in Sources */,
				FCC2B39C2885676400924872 /* BaseViewController.swift in Sources */,
				FC4155092881717E0030836E /* UINavigationController+Extensions.swift in Sources */,
				FC415510288171980030836E /* CourseViewController.swift in Sources */,
				B0F35E2A28B4A1B4007962AB /* CourseUseCase.swift in Sources */,
				FC85F65928AD17E9004D2184 /* Place.swift in Sources */,
				FC41550F288171980030836E /* CharacterSelectionViewController.swift in Sources */,
				FC868991289E6BF100CEE14C /* ERBottomSheet.swift in Sources */,
				FC9A4D2A28A5007C00C41DEC /* Fonts.swift in Sources */,
				B05BE42D28B7523300F54CAC /* HomeService.swift in Sources */,
				FC85F63528AD16E4004D2184 /* DefaultPlaceRepository.swift in Sources */,
				B02D661928B211D800066095 /* MyRecordCell.swift in Sources */,
				B05BE43128B7622800F54CAC /* MyRecordUseCase.swift in Sources */,
				B0F35E3328B4A641007962AB /* CurrentCourseAPI.swift in Sources */,
				FC415496287B297400300A9E /* AppDelegate.swift in Sources */,
				FC415498287B297400300A9E /* SceneDelegate.swift in Sources */,
				B032AB3F288BF643002C5988 /* MyRecordViewController.swift in Sources */,
				FC85F64528AD16EF004D2184 /* HTTPMethodURL.swift in Sources */,
				FC4155082881717E0030836E /* NSObject+ClassName.swift in Sources */,
				B0F35E3028B4A457007962AB /* CurrentCourseRepository.swift in Sources */,
				FCE0ED44288F082F00495CD9 /* LoginViewController.swift in Sources */,
				B05BE43828B7639E00F54CAC /* DefaultMyRecordRepository.swift in Sources */,
				FCED3F0728A17F78004B27AA /* UIStackView+AddArrangedSubviews.swift in Sources */,
				B016123D28B7B4930065E2C7 /* CompleteCourseAPI.swift in Sources */,
				FC85F64728AD16EF004D2184 /* PlaceService.swift in Sources */,
				FC6EB1C72897DA28007946F9 /* PopUpViewController.swift in Sources */,
				B05BE42028B750A400F54CAC /* HomeViewModel.swift in Sources */,
				FC6EB1CC28982F1D007946F9 /* UITextField+addLeftPadding.swift in Sources */,
				FC85F64328AD16EF004D2184 /* KeyChainService.swift in Sources */,
				FC85F65428AD173D004D2184 /* PlaceRepository.swift in Sources */,
				FC9A4D2F28A507EB00C41DEC /* Assets+Generated.swift in Sources */,
				B05BE42F28B7621900F54CAC /* MyRecordViewModel.swift in Sources */,
				FC6EB1DE289834B1007946F9 /* TermsLiterals.swift in Sources */,
				FC85F64628AD16EF004D2184 /* PlaceAPI.swift in Sources */,
				FC41550A2881717E0030836E /* UICollectionView+Generic.swift in Sources */,
				B05BE43D28B7663800F54CAC /* MyRecordService.swift in Sources */,
				FC85F64028AD16EF004D2184 /* BaseTargetType.swift in Sources */,
				FC6EB1CE28983002007946F9 /* TermsTableViewCell.swift in Sources */,
				FC868993289E6C6200CEE14C /* UIView+makeRounded.swift in Sources */,
				FC85F64228AD16EF004D2184 /* Config.swift in Sources */,
				B0C71F45287D64820098BB87 /* EarthViewController.swift in Sources */,
				FC85F65028AD1721004D2184 /* CourseRequestModel.swift in Sources */,
				B0ECB28928B61BB700ABA64B /* String+dateFormat.swift in Sources */,
				B05BE42428B7518700F54CAC /* HomeUseCase.swift in Sources */,
				B0BD540B289E5B7D005384DF /* HealthStore.swift in Sources */,
			);
			runOnlyForDeploymentPostprocessing = 0;
		};
/* End PBXSourcesBuildPhase section */

/* Begin PBXVariantGroup section */
		FC41549B287B297400300A9E /* Main.storyboard */ = {
			isa = PBXVariantGroup;
			children = (
				FC41549C287B297400300A9E /* Base */,
			);
			name = Main.storyboard;
			sourceTree = "<group>";
		};
		FC4154A0287B297600300A9E /* LaunchScreen.storyboard */ = {
			isa = PBXVariantGroup;
			children = (
				FC4154A1287B297600300A9E /* Base */,
			);
			name = LaunchScreen.storyboard;
			sourceTree = "<group>";
		};
/* End PBXVariantGroup section */

/* Begin XCBuildConfiguration section */
		FC4154A4287B297600300A9E /* Debug */ = {
			isa = XCBuildConfiguration;
			buildSettings = {
				ALWAYS_SEARCH_USER_PATHS = NO;
				CLANG_ANALYZER_NONNULL = YES;
				CLANG_ANALYZER_NUMBER_OBJECT_CONVERSION = YES_AGGRESSIVE;
				CLANG_CXX_LANGUAGE_STANDARD = "gnu++17";
				CLANG_ENABLE_MODULES = YES;
				CLANG_ENABLE_OBJC_ARC = YES;
				CLANG_ENABLE_OBJC_WEAK = YES;
				CLANG_WARN_BLOCK_CAPTURE_AUTORELEASING = YES;
				CLANG_WARN_BOOL_CONVERSION = YES;
				CLANG_WARN_COMMA = YES;
				CLANG_WARN_CONSTANT_CONVERSION = YES;
				CLANG_WARN_DEPRECATED_OBJC_IMPLEMENTATIONS = YES;
				CLANG_WARN_DIRECT_OBJC_ISA_USAGE = YES_ERROR;
				CLANG_WARN_DOCUMENTATION_COMMENTS = YES;
				CLANG_WARN_EMPTY_BODY = YES;
				CLANG_WARN_ENUM_CONVERSION = YES;
				CLANG_WARN_INFINITE_RECURSION = YES;
				CLANG_WARN_INT_CONVERSION = YES;
				CLANG_WARN_NON_LITERAL_NULL_CONVERSION = YES;
				CLANG_WARN_OBJC_IMPLICIT_RETAIN_SELF = YES;
				CLANG_WARN_OBJC_LITERAL_CONVERSION = YES;
				CLANG_WARN_OBJC_ROOT_CLASS = YES_ERROR;
				CLANG_WARN_QUOTED_INCLUDE_IN_FRAMEWORK_HEADER = YES;
				CLANG_WARN_RANGE_LOOP_ANALYSIS = YES;
				CLANG_WARN_STRICT_PROTOTYPES = YES;
				CLANG_WARN_SUSPICIOUS_MOVE = YES;
				CLANG_WARN_UNGUARDED_AVAILABILITY = YES_AGGRESSIVE;
				CLANG_WARN_UNREACHABLE_CODE = YES;
				CLANG_WARN__DUPLICATE_METHOD_MATCH = YES;
				COPY_PHASE_STRIP = NO;
				DEBUG_INFORMATION_FORMAT = dwarf;
				ENABLE_STRICT_OBJC_MSGSEND = YES;
				ENABLE_TESTABILITY = YES;
				GCC_C_LANGUAGE_STANDARD = gnu11;
				GCC_DYNAMIC_NO_PIC = NO;
				GCC_NO_COMMON_BLOCKS = YES;
				GCC_OPTIMIZATION_LEVEL = 0;
				GCC_PREPROCESSOR_DEFINITIONS = (
					"DEBUG=1",
					"$(inherited)",
				);
				GCC_WARN_64_TO_32_BIT_CONVERSION = YES;
				GCC_WARN_ABOUT_RETURN_TYPE = YES_ERROR;
				GCC_WARN_UNDECLARED_SELECTOR = YES;
				GCC_WARN_UNINITIALIZED_AUTOS = YES_AGGRESSIVE;
				GCC_WARN_UNUSED_FUNCTION = YES;
				GCC_WARN_UNUSED_VARIABLE = YES;
				IPHONEOS_DEPLOYMENT_TARGET = 15.5;
				MTL_ENABLE_DEBUG_INFO = INCLUDE_SOURCE;
				MTL_FAST_MATH = YES;
				ONLY_ACTIVE_ARCH = YES;
				SDKROOT = iphoneos;
				SWIFT_ACTIVE_COMPILATION_CONDITIONS = DEBUG;
				SWIFT_OPTIMIZATION_LEVEL = "-Onone";
			};
			name = Debug;
		};
		FC4154A5287B297600300A9E /* Release */ = {
			isa = XCBuildConfiguration;
			buildSettings = {
				ALWAYS_SEARCH_USER_PATHS = NO;
				CLANG_ANALYZER_NONNULL = YES;
				CLANG_ANALYZER_NUMBER_OBJECT_CONVERSION = YES_AGGRESSIVE;
				CLANG_CXX_LANGUAGE_STANDARD = "gnu++17";
				CLANG_ENABLE_MODULES = YES;
				CLANG_ENABLE_OBJC_ARC = YES;
				CLANG_ENABLE_OBJC_WEAK = YES;
				CLANG_WARN_BLOCK_CAPTURE_AUTORELEASING = YES;
				CLANG_WARN_BOOL_CONVERSION = YES;
				CLANG_WARN_COMMA = YES;
				CLANG_WARN_CONSTANT_CONVERSION = YES;
				CLANG_WARN_DEPRECATED_OBJC_IMPLEMENTATIONS = YES;
				CLANG_WARN_DIRECT_OBJC_ISA_USAGE = YES_ERROR;
				CLANG_WARN_DOCUMENTATION_COMMENTS = YES;
				CLANG_WARN_EMPTY_BODY = YES;
				CLANG_WARN_ENUM_CONVERSION = YES;
				CLANG_WARN_INFINITE_RECURSION = YES;
				CLANG_WARN_INT_CONVERSION = YES;
				CLANG_WARN_NON_LITERAL_NULL_CONVERSION = YES;
				CLANG_WARN_OBJC_IMPLICIT_RETAIN_SELF = YES;
				CLANG_WARN_OBJC_LITERAL_CONVERSION = YES;
				CLANG_WARN_OBJC_ROOT_CLASS = YES_ERROR;
				CLANG_WARN_QUOTED_INCLUDE_IN_FRAMEWORK_HEADER = YES;
				CLANG_WARN_RANGE_LOOP_ANALYSIS = YES;
				CLANG_WARN_STRICT_PROTOTYPES = YES;
				CLANG_WARN_SUSPICIOUS_MOVE = YES;
				CLANG_WARN_UNGUARDED_AVAILABILITY = YES_AGGRESSIVE;
				CLANG_WARN_UNREACHABLE_CODE = YES;
				CLANG_WARN__DUPLICATE_METHOD_MATCH = YES;
				COPY_PHASE_STRIP = NO;
				DEBUG_INFORMATION_FORMAT = "dwarf-with-dsym";
				ENABLE_NS_ASSERTIONS = NO;
				ENABLE_STRICT_OBJC_MSGSEND = YES;
				GCC_C_LANGUAGE_STANDARD = gnu11;
				GCC_NO_COMMON_BLOCKS = YES;
				GCC_WARN_64_TO_32_BIT_CONVERSION = YES;
				GCC_WARN_ABOUT_RETURN_TYPE = YES_ERROR;
				GCC_WARN_UNDECLARED_SELECTOR = YES;
				GCC_WARN_UNINITIALIZED_AUTOS = YES_AGGRESSIVE;
				GCC_WARN_UNUSED_FUNCTION = YES;
				GCC_WARN_UNUSED_VARIABLE = YES;
				IPHONEOS_DEPLOYMENT_TARGET = 15.5;
				MTL_ENABLE_DEBUG_INFO = NO;
				MTL_FAST_MATH = YES;
				SDKROOT = iphoneos;
				SWIFT_COMPILATION_MODE = wholemodule;
				SWIFT_OPTIMIZATION_LEVEL = "-O";
				VALIDATE_PRODUCT = YES;
			};
			name = Release;
		};
		FC4154A7287B297600300A9E /* Debug */ = {
			isa = XCBuildConfiguration;
			baseConfigurationReference = 0CE9B6BB12DB41CDD8891A43 /* Pods-Earth1round-iOS.debug.xcconfig */;
			buildSettings = {
				ALWAYS_EMBED_SWIFT_STANDARD_LIBRARIES = NO;
				ASSETCATALOG_COMPILER_APPICON_NAME = AppIcon;
				ASSETCATALOG_COMPILER_GLOBAL_ACCENT_COLOR_NAME = AccentColor;
				CODE_SIGN_ENTITLEMENTS = "Earth1round-iOS/Earth1round-iOS.entitlements";
				CODE_SIGN_STYLE = Automatic;
				CURRENT_PROJECT_VERSION = 1;
				EXCLUDED_ARCHS = "";
				"EXCLUDED_ARCHS[sdk=*]" = arm64;
				GENERATE_INFOPLIST_FILE = YES;
				INFOPLIST_FILE = "Earth1round-iOS/Global/Support/Info.plist";
				INFOPLIST_KEY_UIApplicationSupportsIndirectInputEvents = YES;
				INFOPLIST_KEY_UILaunchStoryboardName = LaunchScreen;
				INFOPLIST_KEY_UIMainStoryboardFile = Main;
				INFOPLIST_KEY_UISupportedInterfaceOrientations_iPad = "UIInterfaceOrientationPortrait UIInterfaceOrientationPortraitUpsideDown UIInterfaceOrientationLandscapeLeft UIInterfaceOrientationLandscapeRight";
				INFOPLIST_KEY_UISupportedInterfaceOrientations_iPhone = "UIInterfaceOrientationPortrait UIInterfaceOrientationLandscapeLeft UIInterfaceOrientationLandscapeRight";
				IPHONEOS_DEPLOYMENT_TARGET = 14.4;
				LD_RUNPATH_SEARCH_PATHS = (
					"$(inherited)",
					"@executable_path/Frameworks",
				);
				MARKETING_VERSION = 1.0;
				PRODUCT_BUNDLE_IDENTIFIER = "com.donggrami.Earth1round-Dev";
				PRODUCT_NAME = "$(TARGET_NAME)";
				SWIFT_EMIT_LOC_STRINGS = YES;
				SWIFT_VERSION = 5.0;
				TARGETED_DEVICE_FAMILY = "1,2";
				VALID_ARCHS = "$(ARCHS_STANDARD)";
			};
			name = Debug;
		};
		FC4154A8287B297600300A9E /* Release */ = {
			isa = XCBuildConfiguration;
			baseConfigurationReference = 9E56C009BC4B40A321A5D4C6 /* Pods-Earth1round-iOS.release.xcconfig */;
			buildSettings = {
				ALWAYS_EMBED_SWIFT_STANDARD_LIBRARIES = NO;
				ASSETCATALOG_COMPILER_APPICON_NAME = AppIcon;
				ASSETCATALOG_COMPILER_GLOBAL_ACCENT_COLOR_NAME = AccentColor;
				CODE_SIGN_ENTITLEMENTS = "Earth1round-iOS/Earth1round-iOS.entitlements";
				CODE_SIGN_STYLE = Automatic;
				CURRENT_PROJECT_VERSION = 1;
				EXCLUDED_ARCHS = "";
				"EXCLUDED_ARCHS[sdk=*]" = arm64;
				GENERATE_INFOPLIST_FILE = YES;
				INFOPLIST_FILE = "Earth1round-iOS/Global/Support/Info.plist";
				INFOPLIST_KEY_UIApplicationSupportsIndirectInputEvents = YES;
				INFOPLIST_KEY_UILaunchStoryboardName = LaunchScreen;
				INFOPLIST_KEY_UIMainStoryboardFile = Main;
				INFOPLIST_KEY_UISupportedInterfaceOrientations_iPad = "UIInterfaceOrientationPortrait UIInterfaceOrientationPortraitUpsideDown UIInterfaceOrientationLandscapeLeft UIInterfaceOrientationLandscapeRight";
				INFOPLIST_KEY_UISupportedInterfaceOrientations_iPhone = "UIInterfaceOrientationPortrait UIInterfaceOrientationLandscapeLeft UIInterfaceOrientationLandscapeRight";
				IPHONEOS_DEPLOYMENT_TARGET = 14.4;
				LD_RUNPATH_SEARCH_PATHS = (
					"$(inherited)",
					"@executable_path/Frameworks",
				);
				MARKETING_VERSION = 1.0;
				ONLY_ACTIVE_ARCH = YES;
				PRODUCT_BUNDLE_IDENTIFIER = "com.donggrami.Earth1round-Dev";
				PRODUCT_NAME = "$(TARGET_NAME)";
				SWIFT_EMIT_LOC_STRINGS = YES;
				SWIFT_VERSION = 5.0;
				TARGETED_DEVICE_FAMILY = "1,2";
				VALID_ARCHS = "$(ARCHS_STANDARD)";
			};
			name = Release;
		};
/* End XCBuildConfiguration section */

/* Begin XCConfigurationList section */
		FC41548D287B297400300A9E /* Build configuration list for PBXProject "Earth1round-iOS" */ = {
			isa = XCConfigurationList;
			buildConfigurations = (
				FC4154A4287B297600300A9E /* Debug */,
				FC4154A5287B297600300A9E /* Release */,
			);
			defaultConfigurationIsVisible = 0;
			defaultConfigurationName = Release;
		};
		FC4154A6287B297600300A9E /* Build configuration list for PBXNativeTarget "Earth1round-iOS" */ = {
			isa = XCConfigurationList;
			buildConfigurations = (
				FC4154A7287B297600300A9E /* Debug */,
				FC4154A8287B297600300A9E /* Release */,
			);
			defaultConfigurationIsVisible = 0;
			defaultConfigurationName = Release;
		};
/* End XCConfigurationList section */

/* Begin XCRemoteSwiftPackageReference section */
		FC4154BF287B2AA600300A9E /* XCRemoteSwiftPackageReference "Moya" */ = {
			isa = XCRemoteSwiftPackageReference;
			repositoryURL = "https://github.com/Moya/Moya";
			requirement = {
				branch = master;
				kind = branch;
			};
		};
		FC4154C2287B2AB600300A9E /* XCRemoteSwiftPackageReference "SnapKit" */ = {
			isa = XCRemoteSwiftPackageReference;
			repositoryURL = "https://github.com/SnapKit/SnapKit.git";
			requirement = {
				branch = develop;
				kind = branch;
			};
		};
		FC4154C5287B2AC300300A9E /* XCRemoteSwiftPackageReference "Then" */ = {
			isa = XCRemoteSwiftPackageReference;
			repositoryURL = "https://github.com/devxoul/Then";
			requirement = {
				branch = master;
				kind = branch;
			};
		};
		FC72672C2885692100BBE712 /* XCRemoteSwiftPackageReference "RxSwift" */ = {
			isa = XCRemoteSwiftPackageReference;
			repositoryURL = "https://github.com/ReactiveX/RxSwift.git";
			requirement = {
				branch = main;
				kind = branch;
			};
		};
/* End XCRemoteSwiftPackageReference section */

/* Begin XCSwiftPackageProductDependency section */
		FC4154C0287B2AA600300A9E /* Moya */ = {
			isa = XCSwiftPackageProductDependency;
			package = FC4154BF287B2AA600300A9E /* XCRemoteSwiftPackageReference "Moya" */;
			productName = Moya;
		};
		FC4154C3287B2AB600300A9E /* SnapKit */ = {
			isa = XCSwiftPackageProductDependency;
			package = FC4154C2287B2AB600300A9E /* XCRemoteSwiftPackageReference "SnapKit" */;
			productName = SnapKit;
		};
		FC4154C6287B2AC300300A9E /* Then */ = {
			isa = XCSwiftPackageProductDependency;
			package = FC4154C5287B2AC300300A9E /* XCRemoteSwiftPackageReference "Then" */;
			productName = Then;
		};
		FC72672D2885692100BBE712 /* RxCocoa */ = {
			isa = XCSwiftPackageProductDependency;
			package = FC72672C2885692100BBE712 /* XCRemoteSwiftPackageReference "RxSwift" */;
			productName = RxCocoa;
		};
		FC72672F2885692100BBE712 /* RxSwift */ = {
			isa = XCSwiftPackageProductDependency;
			package = FC72672C2885692100BBE712 /* XCRemoteSwiftPackageReference "RxSwift" */;
			productName = RxSwift;
		};
/* End XCSwiftPackageProductDependency section */
	};
	rootObject = FC41548A287B297400300A9E /* Project object */;
}
